
Microsoft Visual Studio Solution File, Format Version 12.00
# Visual Studio Version 16
VisualStudioVersion = 16.0.33027.164
MinimumVisualStudioVersion = 10.0.40219.1
Project("{FAE04EC0-301F-11D3-BF4B-00C04F79EFBC}") = "BankAccount", "BankAccount\BankAccount.csproj", "{0FB6845A-7BC4-4258-BD84-E94ACC866A2C}"
EndProject
Project("{FAE04EC0-301F-11D3-BF4B-00C04F79EFBC}") = "TestBank", "TestBank\TestBank.csproj", "{8397D880-1885-41AB-9474-94C4686676CD}"
EndProject
Global
	GlobalSection(SolutionConfigurationPlatforms) = preSolution
		Debug|Any CPU = Debug|Any CPU
		Release|Any CPU = Release|Any CPU
	EndGlobalSection
	GlobalSection(ProjectConfigurationPlatforms) = postSolution
		{0FB6845A-7BC4-4258-BD84-E94ACC866A2C}.Debug|Any CPU.ActiveCfg = Debug|Any CPU
		{0FB6845A-7BC4-4258-BD84-E94ACC866A2C}.Debug|Any CPU.Build.0 = Debug|Any CPU
		{0FB6845A-7BC4-4258-BD84-E94ACC866A2C}.Release|Any CPU.ActiveCfg = Release|Any CPU
		{0FB6845A-7BC4-4258-BD84-E94ACC866A2C}.Release|Any CPU.Build.0 = Release|Any CPU
		{8397D880-1885-41AB-9474-94C4686676CD}.Debug|Any CPU.ActiveCfg = Debug|Any CPU
		{8397D880-1885-41AB-9474-94C4686676CD}.Debug|Any CPU.Build.0 = Debug|Any CPU
		{8397D880-1885-41AB-9474-94C4686676CD}.Release|Any CPU.ActiveCfg = Release|Any CPU
		{8397D880-1885-41AB-9474-94C4686676CD}.Release|Any CPU.Build.0 = Release|Any CPU
	EndGlobalSection
	GlobalSection(SolutionProperties) = preSolution
		HideSolutionNode = FALSE
	EndGlobalSection
	GlobalSection(ExtensibilityGlobals) = postSolution
		SolutionGuid = {4F654F2D-717B-47A7-9EB1-DB48E6F40DEF}
	EndGlobalSection
EndGlobal
